
Microsoft Visual Studio Solution File, Format Version 12.00
# Visual Studio Version 17
VisualStudioVersion = 17.0.31919.166
MinimumVisualStudioVersion = 10.0.40219.1
Project("{FAE04EC0-301F-11D3-BF4B-00C04F79EFBC}") = "Bios", "Bios\Bios.csproj", "{5F6F2453-C00B-49DB-8C2F-B36CF5A60859}"
EndProject
Global
	GlobalSection(SolutionConfigurationPlatforms) = preSolution
		Debug|Any CPU = Debug|Any CPU
		Release|Any CPU = Release|Any CPU
	EndGlobalSection
	GlobalSection(ProjectConfigurationPlatforms) = postSolution
		{5F6F2453-C00B-49DB-8C2F-B36CF5A60859}.Debug|Any CPU.ActiveCfg = Debug|Any CPU
		{5F6F2453-C00B-49DB-8C2F-B36CF5A60859}.Debug|Any CPU.Build.0 = Debug|Any CPU
		{5F6F2453-C00B-49DB-8C2F-B36CF5A60859}.Release|Any CPU.ActiveCfg = Release|Any CPU
		{5F6F2453-C00B-49DB-8C2F-B36CF5A60859}.Release|Any CPU.Build.0 = Release|Any CPU
	EndGlobalSection
	GlobalSection(SolutionProperties) = preSolution
		HideSolutionNode = FALSE
	EndGlobalSection
	GlobalSection(ExtensibilityGlobals) = postSolution
		SolutionGuid = {5B1ECFA8-961B-414D-9840-2A35843906A8}
	EndGlobalSection
EndGlobal
